Microsoft Visual Studio Solution File, Format Version 12.00
# Visual Studio Version 16
VisualStudioVersion = 16.0.29009.5
MinimumVisualStudioVersion = 10.0.40219.1
Project("{9A19103F-16F7-4668-BE54-9A1E7A4F7556}") = "Walmart.Sdk.Base", "Walmart.Sdk.Base\Walmart.Sdk.Base.csproj", "{E8673926-7367-4983-847D-6AC541ED538A}"
EndProject
Project("{9A19103F-16F7-4668-BE54-9A1E7A4F7556}") = "Walmart.Sdk.Marketplace", "Walmart.Sdk.Marketplace\Walmart.Sdk.Marketplace.csproj", "{C72116BE-8B1E-4C19-BA61-049DF563FD95}"
EndProject
Global
	GlobalSection(SolutionConfigurationPlatforms) = preSolution
		Debug|Any CPU = Debug|Any CPU
		Release|Any CPU = Release|Any CPU
	EndGlobalSection
	GlobalSection(ProjectConfigurationPlatforms) = postSolution
		{E8673926-7367-4983-847D-6AC541ED538A}.Debug|Any CPU.ActiveCfg = Debug|Any CPU
		{E8673926-7367-4983-847D-6AC541ED538A}.Debug|Any CPU.Build.0 = Debug|Any CPU
		{E8673926-7367-4983-847D-6AC541ED538A}.Release|Any CPU.ActiveCfg = Release|Any CPU
		{E8673926-7367-4983-847D-6AC541ED538A}.Release|Any CPU.Build.0 = Release|Any CPU
		{C72116BE-8B1E-4C19-BA61-049DF563FD95}.Debug|Any CPU.ActiveCfg = Debug|Any CPU
		{C72116BE-8B1E-4C19-BA61-049DF563FD95}.Debug|Any CPU.Build.0 = Debug|Any CPU
		{C72116BE-8B1E-4C19-BA61-049DF563FD95}.Release|Any CPU.ActiveCfg = Release|Any CPU
		{C72116BE-8B1E-4C19-BA61-049DF563FD95}.Release|Any CPU.Build.0 = Release|Any CPU
	EndGlobalSection
	GlobalSection(SolutionProperties) = preSolution
		HideSolutionNode = FALSE
	EndGlobalSection
	GlobalSection(ExtensibilityGlobals) = postSolution
		SolutionGuid = {C26ADE53-86B0-4F76-88D9-9D2ED995A3F5}
	EndGlobalSection
EndGlobal
